<?xml version="1.0" encoding="utf-8"?>
<Project ToolsVersion="4.0" xmlns="http://schemas.microsoft.com/developer/msbuild/2003">
  <ItemGroup>
    <CudaCompile Include="kernel.cu" />
  </ItemGroup>
  <ItemGroup>
    <Filter Include="Headers">
      <UniqueIdentifier>{6fda0907-09e2-449e-a05c-0d75f1d2f007}</UniqueIdentifier>
    </Filter>
  </ItemGroup>
  <ItemGroup>
    <ClInclude Include="KDTree.h">
      <Filter>Headers</Filter>
    </ClInclude>
    <ClInclude Include="Point.h">
      <Filter>Headers</Filter>
    </ClInclude>
  </ItemGroup>
</Project>