
Microsoft Visual Studio Solution File, Format Version 12.00
# Visual Studio 2012
Project("{8BC9CEB8-8B4A-11D0-8D11-00A0C91BC942}") = "Smooth Particles", "Smooth Particles.vcxproj", "{085437EA-2EAA-4E54-BF97-47357F22FD73}"
EndProject
Global
	GlobalSection(SolutionConfigurationPlatforms) = preSolution
		Debug|Win32 = Debug|Win32
		Release|Win32 = Release|Win32
	EndGlobalSection
	GlobalSection(ProjectConfigurationPlatforms) = postSolution
		{085437EA-2EAA-4E54-BF97-47357F22FD73}.Debug|Win32.ActiveCfg = Debug|Win32
		{085437EA-2EAA-4E54-BF97-47357F22FD73}.Debug|Win32.Build.0 = Debug|Win32
		{085437EA-2EAA-4E54-BF97-47357F22FD73}.Release|Win32.ActiveCfg = Release|Win32
		{085437EA-2EAA-4E54-BF97-47357F22FD73}.Release|Win32.Build.0 = Release|Win32
	EndGlobalSection
	GlobalSection(SolutionProperties) = preSolution
		HideSolutionNode = FALSE
	EndGlobalSection
EndGlobal
